
Microsoft Visual Studio Solution File, Format Version 12.00
# Visual Studio Version 17
VisualStudioVersion = 17.9.34728.123
MinimumVisualStudioVersion = 10.0.40219.1
Project("{FAE04EC0-301F-11D3-BF4B-00C04F79EFBC}") = "demo3", "demo3\demo3.csproj", "{1172B1D5-420C-4F0E-9E9F-0A68B4740204}"
EndProject
Global
	GlobalSection(SolutionConfigurationPlatforms) = preSolution
		Debug|Any CPU = Debug|Any CPU
		Release|Any CPU = Release|Any CPU
	EndGlobalSection
	GlobalSection(ProjectConfigurationPlatforms) = postSolution
		{1172B1D5-420C-4F0E-9E9F-0A68B4740204}.Debug|Any CPU.ActiveCfg = Debug|Any CPU
		{1172B1D5-420C-4F0E-9E9F-0A68B4740204}.Debug|Any CPU.Build.0 = Debug|Any CPU
		{1172B1D5-420C-4F0E-9E9F-0A68B4740204}.Release|Any CPU.ActiveCfg = Release|Any CPU
		{1172B1D5-420C-4F0E-9E9F-0A68B4740204}.Release|Any CPU.Build.0 = Release|Any CPU
	EndGlobalSection
	GlobalSection(SolutionProperties) = preSolution
		HideSolutionNode = FALSE
	EndGlobalSection
	GlobalSection(ExtensibilityGlobals) = postSolution
		SolutionGuid = {1BFEDD95-B386-47B0-AD8C-9F93E6509499}
	EndGlobalSection
EndGlobal
